github.com/sebastian-j-ibanez/ledger v0.1.0 h1:bk3wOadtgRTxBa+nwuDZrizRarK1VTpUQKk9Wc0lBTk=
github.com/sebastian-j-ibanez/ledger v0.1.0/go.mod h1:YLfy9t12m16IY8Z3b89dKqbYv5bUJpYc/bc7CYhscdI=
github.com/sebastian-j-ibanez/ledger v0.3.0 h1:nDxSWSrWjduvkPV2FulXxbYoDokaCrq51Ya5u0Tg7WI=
github.com/sebastian-j-ibanez/ledger v0.3.0/go.mod h1:YLfy9t12m16IY8Z3b89dKqbYv5bUJpYc/bc7CYhscdI=
